<?xml version="1.0" encoding="utf-8"?>
<Project ToolsVersion="4.0" xmlns="http://schemas.microsoft.com/developer/msbuild/2003">
  <ItemGroup>
    <Filter Include="Source Files">
      <UniqueIdentifier>{2A8F5C91-3E7B-4D26-9C18-6F4A2D8E5B3C}</UniqueIdentifier>
      <Extensions>cpp;c;cc;cxx;def;odl;idl;hpj;bat;asm;asmx</Extensions>
    </Filter>
    <Filter Include="Header Files">
      <UniqueIdentifier>{E6B4A2D8-9C5F-4E31-A7D2-8B9C3F1E6A4D}</UniqueIdentifier>
      <Extensions>h;hh;hpp;hxx;hm;inl;inc;ipp;xsd</Extensions>
    </Filter>
    <Filter Include="Resource Files">
      <UniqueIdentifier>{7D3E9B1C-4F8A-4C2E-B9A6-5E8D2F7C1A3B}</UniqueIdentifier>
      <Extensions>rc;ico;cur;bmp;dlg;rc2;rct;bin;rgs;gif;jpg;jpeg;jpe;resx;tiff;tif;png;wav;mfcribbon-ms</Extensions>
    </Filter>
  </ItemGroup>
  <ItemGroup>
    <ClCompile Include="entry.cpp">
      <Filter>Source Files</Filter>
    </ClCompile>
    <ClCompile Include="depend\spoof\cat.h">
      <Filter>Source Files</Filter>
    </ClCompile>
  </ItemGroup>
  <ItemGroup>
    <ClInclude Include="sdk\il2cpp.h">
      <Filter>Header Files</Filter>
    </ClInclude>
    <ClInclude Include="in.h">
      <Filter>Header Files</Filter>
    </ClInclude>
    <ClInclude Include="depend\helpers.h">
      <Filter>Header Files</Filter>
    </ClInclude>
    <ClInclude Include="sdk\api\constraints.h">
      <Filter>Header Files</Filter>
    </ClInclude>
    <ClInclude Include="sdk\gen\helper.h">
      <Filter>Header Files</Filter>
    </ClInclude>
    <ClInclude Include="sdk\gen\sdk.h">
      <Filter>Header Files</Filter>
    </ClInclude>
  </ItemGroup>
  <ItemGroup>
    <CustomBuild Include="depend\spoof\sphynx.asm">
      <Filter>Source Files</Filter>
    </CustomBuild>
  </ItemGroup>
</Project>